github.com/go-gl/gl v0.0.0-20180407155706-68e253793080/go.mod h1:482civXOzJJCPzJ4ZOX/pwvXBWSnzD4OKMdH4ClKGbk=
github.com/go-gl/glfw v0.0.0-20180426074136-46a8d530c326/go.mod h1:vR7hzQXu2zJy9AVAgeJqvqgH9Q5CA+iKCZ2gyEVpxRU=
github.com/golang/freetype v0.0.0-20170609003504-e2365dfdc4a0/go.mod h1:E/TSTwGwJL78qG/PmXZO1EjYhfJinVAhrmmHX6Z8B9k=
github.com/google/uuid v1.1.1 h1:Gkbcsh/GbpXz7lPftLA3P6TYMwjCLYm83jiFQZF/3gY=
github.com/google/uuid v1.1.1/go.mod h1:TIyPZe4MgqvfeYDBFedMoGGpEw/LqOeaOT+nhxU+yHo=
github.com/gorilla/websocket v1.4.0/go.mod h1:E7qHFY5m1UJ88s3WnNqhKjPHQ0heANvMoAMk2YaljkQ=
github.com/jung-kurt/gofpdf v1.0.0/go.mod h1:7Id9E/uU8ce6rXgefFLlgrJj/GYY22cpxn+r32jIOes=
github.com/llgcode/draw2d v0.0.0-20180825133448-f52c8a71aff0/go.mod h1:mVa0dA29Db2S4LVqDYLlsePDzRJLDfdhVZiI15uY0FA=
github.com/llgcode/ps v0.0.0-20150911083025-f1443b32eedb/go.mod h1:1l8ky+Ew27CMX29uG+a2hNOKpeNYEQjjtiALiBlFQbY=
github.com/logrusorgru/aurora v0.0.0-20181002194514-a7b3b318ed4e h1:9MlwzLdW7QSDrhDjFlsEYmxpFyIoXmYRon3dt0io31k=
github.com/logrusorgru/aurora v0.0.0-20181002194514-a7b3b318ed4e/go.mod h1:7rIyQOR62GCctdiQpZ/zOJlFyk6y+94wXzv6RNZgaR4=
github.com/mattn/go-pointer v0.0.0-20180825124634-49522c3f3791 h1:PfHMsLQJwoc0ccjK0sam6J0wQo4s8mOuAo2yQGw+T2U=
github.com/mattn/go-pointer v0.0.0-20180825124634-49522c3f3791/go.mod h1:2zXcozF6qYGgmsG+SeTZz3oAbFLdD3OWqnUbNvJZAlc=
github.com/myriadrf/limedrv v0.0.0-20190225221912-8583a26e3fce h1:dJlJ3Us07pq0vD/tHrg1Agn/ShwqpNIPx/rbq8fk1T4=
github.com/myriadrf/limedrv v0.0.0-20190225221912-8583a26e3fce/go.mod h1:/SXVBJBHAVLlvLU1B1n0a0QPcZBtqF1VpH5POPZzuBw=
github.com/quan-to/slog v0.0.0-20190317205605-56a2b4159924 h1:LRAAFmYMlaelEo4YLL+YG89di3S2y33E9K1Hb+NLkT4=
github.com/quan-to/slog v0.0.0-20190317205605-56a2b4159924/go.mod h1:xc9X6JvWjqAAIox9u4uuolisjwl/GbfkktH6f+nOgqU=
github.com/racerxdl/fastconvert v0.0.0-20190129064530-871b6f6cd82a h1:uuXKE3aD/UCTL2U/mnvnDlZV/0161Qo5Ebq1kh8x3Ys=
github.com/racerxdl/fastconvert v0.0.0-20190129064530-871b6f6cd82a/go.mod h1:V4kP6uu5nqjDVGhlYMtT/7JG7WJjXnipMGcQ8PFeUqU=
github.com/racerxdl/go.fifo v0.0.0-20180604061744-c6aa83afe374 h1:P2TDDsGEWzzfhAnthdQc+Vwmv/+xEKHwoNFF3Swl6X0=
github.com/racerxdl/go.fifo v0.0.0-20180604061744-c6aa83afe374/go.mod h1:CvYWG6Py4TRzGCUVX2n8+CjE6mrME/+kHkkGmbDA5zw=
github.com/racerxdl/radioserver v0.0.0-20190316070955-f8953f368ce1/go.mod h1:cSQupBUlkn/QhajTmf6QMErp3PbTVT5Xdd5DSiE0hAI=
github.com/racerxdl/segdsp v0.0.0-20190321214158-1cd3e325e91a h1:XNQ93S8+JFnVDofe0XQr3oUK57Ft4TUAhwUm++2HO+8=
github.com/racerxdl/segdsp v0.0.0-20190321214158-1cd3e325e91a/go.mod h1:nQDTqJjqr+YsSQw+CVY58Xag4KVqfoi6TgkSXMHlUO4=
github.com/racerxdl/spy2go v0.0.0-20190103011754-14102c047be5 h1:d5YktJ1/dWFayIHjoeCgoQJE3kz2h5/8axdVdoAJwTo=
github.com/racerxdl/spy2go v0.0.0-20190103011754-14102c047be5/go.mod h1:ioS4oIwJsgrSeKKPATMpsbJQdi4p2Xsbg3V5j2nCOzM=
golang.org/x/image v0.0.0-20180708004352-c73c2afc3b81/go.mod h1:ux5Hcp/YLpHSI86hEcLt0YII63i6oz57MZXIpbrjZUs=
